{
  "name": "githubReadme",
  "lockfileVersion": 2,
  "requires": true,
  "packages": {
    "": {
      "dependencies": {
        "simple-icons": "^7.4.0"
      }
    },
    "node_modules/simple-icons": {
      "version": "7.4.0",
      "resolved": "https://registry.npmjs.org/simple-icons/-/simple-icons-7.4.0.tgz",
      "integrity": "sha512-sUp30aZ1TvM1uIXtdRKX3yX5y2sN9I1AJlA5UkVSCX3pYZgd38HaZBxGVcxYijv+Qy8p+jzkYsJAZ+ao3Js7Mg==",
      "engines": {
        "node": ">=0.12.18"
      },
      "funding": {
        "type": "opencollective",
        "url": "https://opencollective.com/simple-icons"
      }
    }
  },
  "dependencies": {
    "simple-icons": {
      "version": "7.4.0",
      "resolved": "https://registry.npmjs.org/simple-icons/-/simple-icons-7.4.0.tgz",
      "integrity": "sha512-sUp30aZ1TvM1uIXtdRKX3yX5y2sN9I1AJlA5UkVSCX3pYZgd38HaZBxGVcxYijv+Qy8p+jzkYsJAZ+ao3Js7Mg=="
    }
  }
}
